
Microsoft Visual Studio Solution File, Format Version 12.00
# Visual Studio Version 16
VisualStudioVersion = 16.0.29025.244
MinimumVisualStudioVersion = 10.0.40219.1
Project("{FAE04EC0-301F-11D3-BF4B-00C04F79EFBC}") = "Atividade", "Atividade\Atividade.csproj", "{53FCD2D9-AF5C-4081-89BE-553560F70BBB}"
EndProject
Global
	GlobalSection(SolutionConfigurationPlatforms) = preSolution
		Debug|Any CPU = Debug|Any CPU
		Release|Any CPU = Release|Any CPU
	EndGlobalSection
	GlobalSection(ProjectConfigurationPlatforms) = postSolution
		{53FCD2D9-AF5C-4081-89BE-553560F70BBB}.Debug|Any CPU.ActiveCfg = Debug|Any CPU
		{53FCD2D9-AF5C-4081-89BE-553560F70BBB}.Debug|Any CPU.Build.0 = Debug|Any CPU
		{53FCD2D9-AF5C-4081-89BE-553560F70BBB}.Release|Any CPU.ActiveCfg = Release|Any CPU
		{53FCD2D9-AF5C-4081-89BE-553560F70BBB}.Release|Any CPU.Build.0 = Release|Any CPU
	EndGlobalSection
	GlobalSection(SolutionProperties) = preSolution
		HideSolutionNode = FALSE
	EndGlobalSection
	GlobalSection(ExtensibilityGlobals) = postSolution
		SolutionGuid = {3D7B2FD0-9B79-48DB-BD97-5898445DEE3B}
	EndGlobalSection
EndGlobal
